
Microsoft Visual Studio Solution File, Format Version 12.00
# Visual Studio 15
VisualStudioVersion = 15.0.28010.2050
MinimumVisualStudioVersion = 10.0.40219.1
Project("{FAE04EC0-301F-11D3-BF4B-00C04F79EFBC}") = "HackFest", "HackFest\HackFest.csproj", "{B8C3562B-855F-4721-B06C-950063DD5432}"
EndProject
Global
	GlobalSection(SolutionConfigurationPlatforms) = preSolution
		Debug|Any CPU = Debug|Any CPU
		Release|Any CPU = Release|Any CPU
	EndGlobalSection
	GlobalSection(ProjectConfigurationPlatforms) = postSolution
		{B8C3562B-855F-4721-B06C-950063DD5432}.Debug|Any CPU.ActiveCfg = Debug|Any CPU
		{B8C3562B-855F-4721-B06C-950063DD5432}.Debug|Any CPU.Build.0 = Debug|Any CPU
		{B8C3562B-855F-4721-B06C-950063DD5432}.Release|Any CPU.ActiveCfg = Release|Any CPU
		{B8C3562B-855F-4721-B06C-950063DD5432}.Release|Any CPU.Build.0 = Release|Any CPU
	EndGlobalSection
	GlobalSection(SolutionProperties) = preSolution
		HideSolutionNode = FALSE
	EndGlobalSection
	GlobalSection(ExtensibilityGlobals) = postSolution
		SolutionGuid = {113611DC-0A35-47C5-8518-CEC280D02012}
	EndGlobalSection
EndGlobal
